
Microsoft Visual Studio Solution File, Format Version 12.00
# Visual Studio Version 17
VisualStudioVersion = 17.13.35931.197 d17.13
MinimumVisualStudioVersion = 10.0.40219.1
Project("{FAE04EC0-301F-11D3-BF4B-00C04F79EFBC}") = "Rhythm Plus Discord RPC", "Rhythm Plus Discord RPC\Rhythm Plus Discord RPC.csproj", "{640716E6-E65D-4CA7-ABF8-7D54A4BE58A8}"
EndProject
Global
	GlobalSection(SolutionConfigurationPlatforms) = preSolution
		Debug|Any CPU = Debug|Any CPU
		Release|Any CPU = Release|Any CPU
	EndGlobalSection
	GlobalSection(ProjectConfigurationPlatforms) = postSolution
		{640716E6-E65D-4CA7-ABF8-7D54A4BE58A8}.Debug|Any CPU.ActiveCfg = Debug|Any CPU
		{640716E6-E65D-4CA7-ABF8-7D54A4BE58A8}.Debug|Any CPU.Build.0 = Debug|Any CPU
		{640716E6-E65D-4CA7-ABF8-7D54A4BE58A8}.Release|Any CPU.ActiveCfg = Release|Any CPU
		{640716E6-E65D-4CA7-ABF8-7D54A4BE58A8}.Release|Any CPU.Build.0 = Release|Any CPU
	EndGlobalSection
	GlobalSection(SolutionProperties) = preSolution
		HideSolutionNode = FALSE
	EndGlobalSection
	GlobalSection(ExtensibilityGlobals) = postSolution
		SolutionGuid = {9AF3B51E-EF7F-477B-984E-53D8EBD9F91B}
	EndGlobalSection
EndGlobal
